{
  "name": "Jwt-demo",
  "lockfileVersion": 3,
  "requires": true,
  "packages": {
    "": {
      "dependencies": {
        "file-saver": "^2.0.5",
        "ngx-filesaver": "^15.0.0"
      }
    },
    "node_modules/file-saver": {
      "version": "2.0.5",
      "resolved": "https://registry.npmjs.org/file-saver/-/file-saver-2.0.5.tgz",
      "integrity": "sha512-P9bmyZ3h/PRG+Nzga+rbdI4OEpNDzAVyy74uVO9ATgzLK6VtAsYybF/+TOCvrc0MO793d6+42lLyZTw7/ArVzA=="
    },
    "node_modules/ngx-filesaver": {
      "version": "15.0.0",
      "resolved": "https://registry.npmjs.org/ngx-filesaver/-/ngx-filesaver-15.0.0.tgz",
      "integrity": "sha512-JZhwnCQJYoZ4V/nONbplighfSmEoDnYOI6IEDjpHOImWVGO7JijvQ42ZuMk2iuTgKA16mY95bQMVkzJZzcFCSQ==",
      "dependencies": {
        "tslib": "^2.3.0"
      },
      "peerDependencies": {
        "@types/file-saver": "^2.0.0",
        "file-saver": "^2.0.0"
      }
    },
    "node_modules/tslib": {
      "version": "2.5.0",
      "resolved": "https://registry.npmjs.org/tslib/-/tslib-2.5.0.tgz",
      "integrity": "sha512-336iVw3rtn2BUK7ORdIAHTyxHGRIHVReokCR3XjbckJMK7ms8FysBfhLR8IXnAgy7T0PTPNBWKiH514FOW/WSg=="
    }
  }
}
